
Microsoft Visual Studio Solution File, Format Version 11.00
# Visual Studio 2010
Project("{54435603-DBB4-11D2-8724-00A0C9A8B90C}") = "Install_full_sketch", "Install_sketch_new.vdproj", "{21351E46-766E-40D3-BC7C-2A8F4838CDDB}"
EndProject
Global
	GlobalSection(SolutionConfigurationPlatforms) = preSolution
		Debug|Default = Debug|Default
		Release|Default = Release|Default
	EndGlobalSection
	GlobalSection(ProjectConfigurationPlatforms) = postSolution
		{21351E46-766E-40D3-BC7C-2A8F4838CDDB}.Debug|Default.ActiveCfg = Debug
		{21351E46-766E-40D3-BC7C-2A8F4838CDDB}.Debug|Default.Build.0 = Debug
		{21351E46-766E-40D3-BC7C-2A8F4838CDDB}.Release|Default.ActiveCfg = Release
		{21351E46-766E-40D3-BC7C-2A8F4838CDDB}.Release|Default.Build.0 = Release
	EndGlobalSection
	GlobalSection(SolutionProperties) = preSolution
		HideSolutionNode = FALSE
	EndGlobalSection
EndGlobal
